
Microsoft Visual Studio Solution File, Format Version 12.00
# Visual Studio Version 17
VisualStudioVersion = 17.11.35312.102
MinimumVisualStudioVersion = 10.0.40219.1
Project("{8BC9CEB8-8B4A-11D0-8D11-00A0C91BC942}") = "study_10_30", "study_10_30.vcxproj", "{01EE82DF-41AD-4EC0-A59B-3F5AC3EC44D6}"
EndProject
Global
	GlobalSection(SolutionConfigurationPlatforms) = preSolution
		Debug|x64 = Debug|x64
		Debug|x86 = Debug|x86
		Release|x64 = Release|x64
		Release|x86 = Release|x86
	EndGlobalSection
	GlobalSection(ProjectConfigurationPlatforms) = postSolution
		{01EE82DF-41AD-4EC0-A59B-3F5AC3EC44D6}.Debug|x64.ActiveCfg = Debug|x64
		{01EE82DF-41AD-4EC0-A59B-3F5AC3EC44D6}.Debug|x64.Build.0 = Debug|x64
		{01EE82DF-41AD-4EC0-A59B-3F5AC3EC44D6}.Debug|x86.ActiveCfg = Debug|Win32
		{01EE82DF-41AD-4EC0-A59B-3F5AC3EC44D6}.Debug|x86.Build.0 = Debug|Win32
		{01EE82DF-41AD-4EC0-A59B-3F5AC3EC44D6}.Release|x64.ActiveCfg = Release|x64
		{01EE82DF-41AD-4EC0-A59B-3F5AC3EC44D6}.Release|x64.Build.0 = Release|x64
		{01EE82DF-41AD-4EC0-A59B-3F5AC3EC44D6}.Release|x86.ActiveCfg = Release|Win32
		{01EE82DF-41AD-4EC0-A59B-3F5AC3EC44D6}.Release|x86.Build.0 = Release|Win32
	EndGlobalSection
	GlobalSection(SolutionProperties) = preSolution
		HideSolutionNode = FALSE
	EndGlobalSection
	GlobalSection(ExtensibilityGlobals) = postSolution
		SolutionGuid = {A1E85A9B-5C63-4AFC-BCD8-15688FBAEFEB}
	EndGlobalSection
EndGlobal
