
Microsoft Visual Studio Solution File, Format Version 12.00
# Visual Studio Version 17
VisualStudioVersion = 17.11.35312.102
MinimumVisualStudioVersion = 10.0.40219.1
Project("{8BC9CEB8-8B4A-11D0-8D11-00A0C91BC942}") = "study_12_04", "study_12_04.vcxproj", "{DFAC18AA-D2DB-41C5-AB5D-810A4FE7192C}"
EndProject
Global
	GlobalSection(SolutionConfigurationPlatforms) = preSolution
		Debug|x64 = Debug|x64
		Debug|x86 = Debug|x86
		Release|x64 = Release|x64
		Release|x86 = Release|x86
	EndGlobalSection
	GlobalSection(ProjectConfigurationPlatforms) = postSolution
		{DFAC18AA-D2DB-41C5-AB5D-810A4FE7192C}.Debug|x64.ActiveCfg = Debug|x64
		{DFAC18AA-D2DB-41C5-AB5D-810A4FE7192C}.Debug|x64.Build.0 = Debug|x64
		{DFAC18AA-D2DB-41C5-AB5D-810A4FE7192C}.Debug|x86.ActiveCfg = Debug|Win32
		{DFAC18AA-D2DB-41C5-AB5D-810A4FE7192C}.Debug|x86.Build.0 = Debug|Win32
		{DFAC18AA-D2DB-41C5-AB5D-810A4FE7192C}.Release|x64.ActiveCfg = Release|x64
		{DFAC18AA-D2DB-41C5-AB5D-810A4FE7192C}.Release|x64.Build.0 = Release|x64
		{DFAC18AA-D2DB-41C5-AB5D-810A4FE7192C}.Release|x86.ActiveCfg = Release|Win32
		{DFAC18AA-D2DB-41C5-AB5D-810A4FE7192C}.Release|x86.Build.0 = Release|Win32
	EndGlobalSection
	GlobalSection(SolutionProperties) = preSolution
		HideSolutionNode = FALSE
	EndGlobalSection
	GlobalSection(ExtensibilityGlobals) = postSolution
		SolutionGuid = {BB14582D-4120-46AB-BAE5-27E6460F3841}
	EndGlobalSection
EndGlobal
